
Microsoft Visual Studio Solution File, Format Version 12.00
# Visual Studio Version 17
VisualStudioVersion = 17.8.34316.72
MinimumVisualStudioVersion = 10.0.40219.1
Project("{8BC9CEB8-8B4A-11D0-8D11-00A0C91BC942}") = "списки и очереди", "списки и очереди.vcxproj", "{97CCE722-2D91-4EED-96CC-4D1CF2B51B7A}"
EndProject
Global
	GlobalSection(SolutionConfigurationPlatforms) = preSolution
		Debug|x64 = Debug|x64
		Debug|x86 = Debug|x86
		Release|x64 = Release|x64
		Release|x86 = Release|x86
	EndGlobalSection
	GlobalSection(ProjectConfigurationPlatforms) = postSolution
		{97CCE722-2D91-4EED-96CC-4D1CF2B51B7A}.Debug|x64.ActiveCfg = Debug|x64
		{97CCE722-2D91-4EED-96CC-4D1CF2B51B7A}.Debug|x64.Build.0 = Debug|x64
		{97CCE722-2D91-4EED-96CC-4D1CF2B51B7A}.Debug|x86.ActiveCfg = Debug|Win32
		{97CCE722-2D91-4EED-96CC-4D1CF2B51B7A}.Debug|x86.Build.0 = Debug|Win32
		{97CCE722-2D91-4EED-96CC-4D1CF2B51B7A}.Release|x64.ActiveCfg = Release|x64
		{97CCE722-2D91-4EED-96CC-4D1CF2B51B7A}.Release|x64.Build.0 = Release|x64
		{97CCE722-2D91-4EED-96CC-4D1CF2B51B7A}.Release|x86.ActiveCfg = Release|Win32
		{97CCE722-2D91-4EED-96CC-4D1CF2B51B7A}.Release|x86.Build.0 = Release|Win32
	EndGlobalSection
	GlobalSection(SolutionProperties) = preSolution
		HideSolutionNode = FALSE
	EndGlobalSection
	GlobalSection(ExtensibilityGlobals) = postSolution
		SolutionGuid = {D2251A72-DEE2-49CD-949F-707A76636262}
	EndGlobalSection
EndGlobal
