
Microsoft Visual Studio Solution File, Format Version 12.00
# Visual Studio Version 17
VisualStudioVersion = 17.11.35222.181
MinimumVisualStudioVersion = 10.0.40219.1
Project("{8BC9CEB8-8B4A-11D0-8D11-00A0C91BC942}") = "Фано", "Фано.vcxproj", "{6B6CF09C-705F-41E4-AF23-241C32B6F5EF}"
EndProject
Global
	GlobalSection(SolutionConfigurationPlatforms) = preSolution
		Debug|x64 = Debug|x64
		Debug|x86 = Debug|x86
		Release|x64 = Release|x64
		Release|x86 = Release|x86
	EndGlobalSection
	GlobalSection(ProjectConfigurationPlatforms) = postSolution
		{6B6CF09C-705F-41E4-AF23-241C32B6F5EF}.Debug|x64.ActiveCfg = Debug|x64
		{6B6CF09C-705F-41E4-AF23-241C32B6F5EF}.Debug|x64.Build.0 = Debug|x64
		{6B6CF09C-705F-41E4-AF23-241C32B6F5EF}.Debug|x86.ActiveCfg = Debug|Win32
		{6B6CF09C-705F-41E4-AF23-241C32B6F5EF}.Debug|x86.Build.0 = Debug|Win32
		{6B6CF09C-705F-41E4-AF23-241C32B6F5EF}.Release|x64.ActiveCfg = Release|x64
		{6B6CF09C-705F-41E4-AF23-241C32B6F5EF}.Release|x64.Build.0 = Release|x64
		{6B6CF09C-705F-41E4-AF23-241C32B6F5EF}.Release|x86.ActiveCfg = Release|Win32
		{6B6CF09C-705F-41E4-AF23-241C32B6F5EF}.Release|x86.Build.0 = Release|Win32
	EndGlobalSection
	GlobalSection(SolutionProperties) = preSolution
		HideSolutionNode = FALSE
	EndGlobalSection
	GlobalSection(ExtensibilityGlobals) = postSolution
		SolutionGuid = {A01211C3-636B-4525-98FE-39E8E7067BD6}
	EndGlobalSection
EndGlobal
