
Microsoft Visual Studio Solution File, Format Version 12.00
# Visual Studio Version 17
VisualStudioVersion = 17.11.35222.181
MinimumVisualStudioVersion = 10.0.40219.1
Project("{8BC9CEB8-8B4A-11D0-8D11-00A0C91BC942}") = "задание 1", "задание 1.vcxproj", "{9AD5D943-5E8D-4253-9BEC-BA007DD49B0F}"
EndProject
Global
	GlobalSection(SolutionConfigurationPlatforms) = preSolution
		Debug|x64 = Debug|x64
		Debug|x86 = Debug|x86
		Release|x64 = Release|x64
		Release|x86 = Release|x86
	EndGlobalSection
	GlobalSection(ProjectConfigurationPlatforms) = postSolution
		{9AD5D943-5E8D-4253-9BEC-BA007DD49B0F}.Debug|x64.ActiveCfg = Debug|x64
		{9AD5D943-5E8D-4253-9BEC-BA007DD49B0F}.Debug|x64.Build.0 = Debug|x64
		{9AD5D943-5E8D-4253-9BEC-BA007DD49B0F}.Debug|x86.ActiveCfg = Debug|Win32
		{9AD5D943-5E8D-4253-9BEC-BA007DD49B0F}.Debug|x86.Build.0 = Debug|Win32
		{9AD5D943-5E8D-4253-9BEC-BA007DD49B0F}.Release|x64.ActiveCfg = Release|x64
		{9AD5D943-5E8D-4253-9BEC-BA007DD49B0F}.Release|x64.Build.0 = Release|x64
		{9AD5D943-5E8D-4253-9BEC-BA007DD49B0F}.Release|x86.ActiveCfg = Release|Win32
		{9AD5D943-5E8D-4253-9BEC-BA007DD49B0F}.Release|x86.Build.0 = Release|Win32
	EndGlobalSection
	GlobalSection(SolutionProperties) = preSolution
		HideSolutionNode = FALSE
	EndGlobalSection
	GlobalSection(ExtensibilityGlobals) = postSolution
		SolutionGuid = {5D152ACB-2896-44DF-BA37-42615E6B7470}
	EndGlobalSection
EndGlobal
